{
  "version": 4,
  "terraform_version": "1.2.7",
  "serial": 33,
  "lineage": "00270b8e-3a6d-d290-c422-bcd3ad09e335",
  "outputs": {
    "node510_mbhome5_ip": {
      "value": "10.1.2.2",
      "type": "string"
    },
    "public_ip": {
      "value": "185.69.166.149/24",
      "type": "string"
    },
    "public_ip6": {
      "value": "2a02:1802:5e:0:f40b:f1ff:fe3d:b6e4/64",
      "type": "string"
    }
  },
  "resources": [
    {
      "mode": "managed",
      "type": "grid_deployment",
      "name": "m1",
      "provider": "provider[\"registry.terraform.io/threefoldtech/grid\"]",
      "instances": [
        {
          "schema_version": 0,
          "attributes": {
            "disks": [],
            "id": "5407",
            "ip_range": "10.1.2.0/24",
            "network_name": "network",
            "node": 50,
            "qsfs": [],
            "timeouts": null,
            "vms": [
              {
                "computedip": "185.69.166.149/24",
                "computedip6": "2a02:1802:5e:0:f40b:f1ff:fe3d:b6e4/64",
                "corex": false,
                "cpu": 1,
                "description": "",
                "entrypoint": "",
                "env_vars": {
                  "SSH_KEY": "ssh-rsa AAAAB3NzaC1yc2EAAAADAQABAAABgQC+OPlH8lGufZNyJ0w5TuCuIW4qZrzTCcPBMI8D09l8XoRgUDSC6nWrGRQ2dWSEd/5TftN/l6sEKhm4OEfdSe+c+Ixb4hV5HIv8O7p+abgrcGoHG49Rhdy4ZQseE9B5kvobIKx4nRgD8UAZlD/k/VN+j5iVDCD/Wh4uZCH+CCBewXnFTipR/IDlkUgzJFWJnxXIKTychlJnjY3NWlhzN9zsId2rOAfZAvtM0KMd95sX8Zu0EiwHf9Me+RRwYAlY/gTc4T68TPS6UAYARnWTG7bly5HK3lAXWfrnroFpDbl6QNGMXtFdLw/hA5TKe8Dxz2gj+xu4PlAqko761clPsnsVwTe7bZB55OA3s6DzNPMdoC8itcYrgtMEsGvQjZwk8evxRTs/Io2tezme2MY1lHODLmQPiDiMIDYHKp+Xts+ZI36Txkn/tEc6jbmhHJ67KC5gfYPlPe8fR65ic2qNlCDafflEXcfRqDqr824d8V6g4V+LjAkyNCradJ75Pxb6aY8= Manfreds-MBP-4.fritz.box"
                },
                "flist": "https://hub.grid.tf/omar0.3bot/omarelawady-ubuntu-20.04.flist",
                "flist_checksum": "",
                "ip": "10.1.2.2",
                "memory": 1024,
                "mounts": [],
                "name": "mbhome1",
                "planetary": false,
                "publicip": true,
                "publicip6": true,
                "rootfs_size": 0,
                "ygg_ip": "",
                "zlogs": null
              }
            ],
            "zdbs": []
          },
          "sensitive_attributes": [],
          "private": "eyJlMmJmYjczMC1lY2FhLTExZTYtOGY4OC0zNDM2M2JjN2M0YzAiOnsiY3JlYXRlIjoyNzAwMDAwMDAwMDAwfX0=",
          "dependencies": [
            "grid_network.net"
          ]
        }
      ]
    },
    {
      "mode": "managed",
      "type": "grid_network",
      "name": "net",
      "provider": "provider[\"registry.terraform.io/threefoldtech/grid\"]",
      "instances": [
        {
          "schema_version": 0,
          "attributes": {
            "access_wg_config": "",
            "add_wg_access": false,
            "description": "newer network",
            "external_ip": "",
            "external_sk": "0LgdQ2K3yM++JvJdgglN6+KCWcSCuprjkmbuQyf15W4=",
            "id": "47ce6f99-862b-43fe-af2b-0787af955de0",
            "ip_range": "10.1.0.0/16",
            "name": "network",
            "node_deployment_id": {
              "50": 5406
            },
            "nodes": [
              50
            ],
            "nodes_ip_range": {
              "50": "10.1.2.0/24"
            },
            "public_node_id": 0
          },
          "sensitive_attributes": [],
          "private": "bnVsbA=="
        }
      ]
    }
  ]
}
